// !$*UTF8*$!
{
	archiveVersion = 1;
	classes = {
	};
	objectVersion = 46;
	objects = {

/* Begin PBXBuildFile section */
		080FBDD51C5C064700DD6A4D /* AppDelegate.swift in Sources */ = {isa = PBXBuildFile; fileRef = 080FBDD41C5C064700DD6A4D /* AppDelegate.swift */; };
		080FBDD71C5C064700DD6A4D /* ViewController.swift in Sources */ = {isa = PBXBuildFile; fileRef = 080FBDD61C5C064700DD6A4D /* ViewController.swift */; };
		080FBDDA1C5C064700DD6A4D /* Main.storyboard in Resources */ = {isa = PBXBuildFile; fileRef = 080FBDD81C5C064700DD6A4D /* Main.storyboard */; };
		080FBDDC1C5C064700DD6A4D /* Assets.xcassets in Resources */ = {isa = PBXBuildFile; fileRef = 080FBDDB1C5C064700DD6A4D /* Assets.xcassets */; };
		080FBDDF1C5C064700DD6A4D /* LaunchScreen.storyboard in Resources */ = {isa = PBXBuildFile; fileRef = 080FBDDD1C5C064700DD6A4D /* LaunchScreen.storyboard */; };
/* End PBXBuildFile section */

/* Begin PBXFileReference section */
		080FBDD11C5C064700DD6A4D /* InternationalizationDemo.app */ = {isa = PBXFileReference; explicitFileType = wrapper.application; includeInIndex = 0; path = InternationalizationDemo.app; sourceTree = BUILT_PRODUCTS_DIR; };
		080FBDD41C5C064700DD6A4D /* AppDelegate.swift */ = {isa = PBXFileReference; lastKnownFileType = sourcecode.swift; path = AppDelegate.swift; sourceTree = "<group>"; };
		080FBDD61C5C064700DD6A4D /* ViewController.swift */ = {isa = PBXFileReference; lastKnownFileType = sourcecode.swift; path = ViewController.swift; sourceTree = "<group>"; };
		080FBDD91C5C064700DD6A4D /* Base */ = {isa = PBXFileReference; lastKnownFileType = file.storyboard; name = Base; path = Base.lproj/Main.storyboard; sourceTree = "<group>"; };
		080FBDDB1C5C064700DD6A4D /* Assets.xcassets */ = {isa = PBXFileReference; lastKnownFileType = folder.assetcatalog; path = Assets.xcassets; sourceTree = "<group>"; };
		080FBDDE1C5C064700DD6A4D /* Base */ = {isa = PBXFileReference; lastKnownFileType = file.storyboard; name = Base; path = Base.lproj/LaunchScreen.storyboard; sourceTree = "<group>"; };
		080FBDE01C5C064700DD6A4D /* Info.plist */ = {isa = PBXFileReference; lastKnownFileType = text.plist.xml; path = Info.plist; sourceTree = "<group>"; };
/* End PBXFileReference section */

/* Begin PBXFrameworksBuildPhase section */
		080FBDCE1C5C064700DD6A4D /* Frameworks */ = {
			isa = PBXFrameworksBuildPhase;
			buildActionMask = 2147483647;
			files = (
			);
			runOnlyForDeploymentPostprocessing = 0;
		};
/* End PBXFrameworksBuildPhase section */

/* Begin PBXGroup section */
		080FBDC81C5C064700DD6A4D = {
			isa = PBXGroup;
			children = (
				080FBDD31C5C064700DD6A4D /* InternationalizationDemo */,
				080FBDD21C5C064700DD6A4D /* Products */,
			);
			sourceTree = "<group>";
		};
		080FBDD21C5C064700DD6A4D /* Products */ = {
			isa = PBXGroup;
			children = (
				080FBDD11C5C064700DD6A4D /* InternationalizationDemo.app */,
			);
			name = Products;
			sourceTree = "<group>";
		};
		080FBDD31C5C064700DD6A4D /* InternationalizationDemo */ = {
			isa = PBXGroup;
			children = (
				080FBDD41C5C064700DD6A4D /* AppDelegate.swift */,
				080FBDD61C5C064700DD6A4D /* ViewController.swift */,
				080FBDD81C5C064700DD6A4D /* Main.storyboard */,
				080FBDDB1C5C064700DD6A4D /* Assets.xcassets */,
				080FBDDD1C5C064700DD6A4D /* LaunchScreen.storyboard */,
				080FBDE01C5C064700DD6A4D /* Info.plist */,
			);
			path = InternationalizationDemo;
			sourceTree = "<group>";
		};
/* End PBXGroup section */

/* Begin PBXNativeTarget section */
		080FBDD01C5C064700DD6A4D /* InternationalizationDemo */ = {
			isa = PBXNativeTarget;
			buildConfigurationList = 080FBDE31C5C064700DD6A4D /* Build configuration list for PBXNativeTarget "InternationalizationDemo" */;
			buildPhases = (
				080FBDCD1C5C064700DD6A4D /* Sources */,
				080FBDCE1C5C064700DD6A4D /* Frameworks */,
				080FBDCF1C5C064700DD6A4D /* Resources */,
			);
			buildRules = (
			);
			dependencies = (
			);
			name = InternationalizationDemo;
			productName = InternationalizationDemo;
			productReference = 080FBDD11C5C064700DD6A4D /* InternationalizationDemo.app */;
			productType = "com.apple.product-type.application";
		};
/* End PBXNativeTarget section */

/* Begin PBXProject section */
		080FBDC91C5C064700DD6A4D /* Project object */ = {
			isa = PBXProject;
			attributes = {
				LastSwiftUpdateCheck = 0720;
				LastUpgradeCheck = 0720;
				ORGANIZATIONNAME = Orbis;
				TargetAttributes = {
					080FBDD01C5C064700DD6A4D = {
						CreatedOnToolsVersion = 7.2;
					};
				};
			};
			buildConfigurationList = 080FBDCC1C5C064700DD6A4D /* Build configuration list for PBXProject "InternationalizationDemo" */;
			compatibilityVersion = "Xcode 3.2";
			developmentRegion = English;
			hasScannedForEncodings = 0;
			knownRegions = (
				en,
				Base,
			);
			mainGroup = 080FBDC81C5C064700DD6A4D;
			productRefGroup = 080FBDD21C5C064700DD6A4D /* Products */;
			projectDirPath = "";
			projectRoot = "";
			targets = (
				080FBDD01C5C064700DD6A4D /* InternationalizationDemo */,
			);
		};
/* End PBXProject section */

/* Begin PBXResourcesBuildPhase section */
		080FBDCF1C5C064700DD6A4D /* Resources */ = {
			isa = PBXResourcesBuildPhase;
			buildActionMask = 2147483647;
			files = (
				080FBDDF1C5C064700DD6A4D /* LaunchScreen.storyboard in Resources */,
				080FBDDC1C5C064700DD6A4D /* Assets.xcassets in Resources */,
				080FBDDA1C5C064700DD6A4D /* Main.storyboard in Resources */,
			);
			runOnlyForDeploymentPostprocessing = 0;
		};
/* End PBXResourcesBuildPhase section */

/* Begin PBXSourcesBuildPhase section */
		080FBDCD1C5C064700DD6A4D /* Sources */ = {
			isa = PBXSourcesBuildPhase;
			buildActionMask = 2147483647;
			files = (
				080FBDD71C5C064700DD6A4D /* ViewController.swift in Sources */,
				080FBDD51C5C064700DD6A4D /* AppDelegate.swift in Sources */,
			);
			runOnlyForDeploymentPostprocessing = 0;
		};
/* End PBXSourcesBuildPhase section */

/* Begin PBXVariantGroup section */
		080FBDD81C5C064700DD6A4D /* Main.storyboard */ = {
			isa = PBXVariantGroup;
			children = (
				080FBDD91C5C064700DD6A4D /* Base */,
			);
			name = Main.storyboard;
			sourceTree = "<group>";
		};
		080FBDDD1C5C064700DD6A4D /* LaunchScreen.storyboard */ = {
			isa = PBXVariantGroup;
			children = (
				080FBDDE1C5C064700DD6A4D /* Base */,
			);
			name = LaunchScreen.storyboard;
			sourceTree = "<group>";
		};
/* End PBXVariantGroup section */

/* Begin XCBuildConfiguration section */
		080FBDE11C5C064700DD6A4D /* Debug */ = {
			isa = XCBuildConfiguration;
			buildSettings = {
				ALWAYS_SEARCH_USER_PATHS = NO;
				CLANG_CXX_LANGUAGE_STANDARD = "gnu++0x";
				CLANG_CXX_LIBRARY = "libc++";
				CLANG_ENABLE_MODULES = YES;
				CLANG_ENABLE_OBJC_ARC = YES;
				CLANG_WARN_BOOL_CONVERSION = YES;
				CLANG_WARN_CONSTANT_CONVERSION = YES;
				CLANG_WARN_DIRECT_OBJC_ISA_USAGE = YES_ERROR;
				CLANG_WARN_EMPTY_BODY = YES;
				CLANG_WARN_ENUM_CONVERSION = YES;
				CLANG_WARN_INT_CONVERSION = YES;
				CLANG_WARN_OBJC_ROOT_CLASS = YES_ERROR;
				CLANG_WARN_UNREACHABLE_CODE = YES;
				CLANG_WARN__DUPLICATE_METHOD_MATCH = YES;
				"CODE_SIGN_IDENTITY[sdk=iphoneos*]" = "iPhone Developer";
				COPY_PHASE_STRIP = NO;
				DEBUG_INFORMATION_FORMAT = dwarf;
				ENABLE_STRICT_OBJC_MSGSEND = YES;
				ENABLE_TESTABILITY = YES;
				GCC_C_LANGUAGE_STANDARD = gnu99;
				GCC_DYNAMIC_NO_PIC = NO;
				GCC_NO_COMMON_BLOCKS = YES;
				GCC_OPTIMIZATION_LEVEL = 0;
				GCC_PREPROCESSOR_DEFINITIONS = (
					"DEBUG=1",
					"$(inherited)",
				);
				GCC_WARN_64_TO_32_BIT_CONVERSION = YES;
				GCC_WARN_ABOUT_RETURN_TYPE = YES_ERROR;
				GCC_WARN_UNDECLARED_SELECTOR = YES;
				GCC_WARN_UNINITIALIZED_AUTOS = YES_AGGRESSIVE;
				GCC_WARN_UNUSED_FUNCTION = YES;
				GCC_WARN_UNUSED_VARIABLE = YES;
				IPHONEOS_DEPLOYMENT_TARGET = 9.2;
				MTL_ENABLE_DEBUG_INFO = YES;
				ONLY_ACTIVE_ARCH = YES;
				SDKROOT = iphoneos;
				SWIFT_OPTIMIZATION_LEVEL = "-Onone";
			};
			name = Debug;
		};
		080FBDE21C5C064700DD6A4D /* Release */ = {
			isa = XCBuildConfiguration;
			buildSettings = {
				ALWAYS_SEARCH_USER_PATHS = NO;
				CLANG_CXX_LANGUAGE_STANDARD = "gnu++0x";
				CLANG_CXX_LIBRARY = "libc++";
				CLANG_ENABLE_MODULES = YES;
				CLANG_ENABLE_OBJC_ARC = YES;
				CLANG_WARN_BOOL_CONVERSION = YES;
				CLANG_WARN_CONSTANT_CONVERSION = YES;
				CLANG_WARN_DIRECT_OBJC_ISA_USAGE = YES_ERROR;
				CLANG_WARN_EMPTY_BODY = YES;
				CLANG_WARN_ENUM_CONVERSION = YES;
				CLANG_WARN_INT_CONVERSION = YES;
				CLANG_WARN_OBJC_ROOT_CLASS = YES_ERROR;
				CLANG_WARN_UNREACHABLE_CODE = YES;
				CLANG_WARN__DUPLICATE_METHOD_MATCH = YES;
				"CODE_SIGN_IDENTITY[sdk=iphoneos*]" = "iPhone Developer";
				COPY_PHASE_STRIP = NO;
				DEBUG_INFORMATION_FORMAT = "dwarf-with-dsym";
				ENABLE_NS_ASSERTIONS = NO;
				ENABLE_STRICT_OBJC_MSGSEND = YES;
				GCC_C_LANGUAGE_STANDARD = gnu99;
				GCC_NO_COMMON_BLOCKS = YES;
				GCC_WARN_64_TO_32_BIT_CONVERSION = YES;
				GCC_WARN_ABOUT_RETURN_TYPE = YES_ERROR;
				GCC_WARN_UNDECLARED_SELECTOR = YES;
				GCC_WARN_UNINITIALIZED_AUTOS = YES_AGGRESSIVE;
				GCC_WARN_UNUSED_FUNCTION = YES;
				GCC_WARN_UNUSED_VARIABLE = YES;
				IPHONEOS_DEPLOYMENT_TARGET = 9.2;
				MTL_ENABLE_DEBUG_INFO = NO;
				SDKROOT = iphoneos;
				VALIDATE_PRODUCT = YES;
			};
			name = Release;
		};
		080FBDE41C5C064700DD6A4D /* Debug */ = {
			isa = XCBuildConfiguration;
			buildSettings = {
				ASSETCATALOG_COMPILER_APPICON_NAME = AppIcon;
				INFOPLIST_FILE = InternationalizationDemo/Info.plist;
				LD_RUNPATH_SEARCH_PATHS = "$(inherited) @executable_path/Frameworks";
				PRODUCT_BUNDLE_IDENTIFIER = pe.elcomercio.sample.Internationalization.InternationalizationDemo;
				PRODUCT_NAME = "$(TARGET_NAME)";
			};
			name = Debug;
		};
		080FBDE51C5C064700DD6A4D /* Release */ = {
			isa = XCBuildConfiguration;
			buildSettings = {
				ASSETCATALOG_COMPILER_APPICON_NAME = AppIcon;
				INFOPLIST_FILE = InternationalizationDemo/Info.plist;
				LD_RUNPATH_SEARCH_PATHS = "$(inherited) @executable_path/Frameworks";
				PRODUCT_BUNDLE_IDENTIFIER = pe.elcomercio.sample.Internationalization.InternationalizationDemo;
				PRODUCT_NAME = "$(TARGET_NAME)";
			};
			name = Release;
		};
/* End XCBuildConfiguration section */

/* Begin XCConfigurationList section */
		080FBDCC1C5C064700DD6A4D /* Build configuration list for PBXProject "InternationalizationDemo" */ = {
			isa = XCConfigurationList;
			buildConfigurations = (
				080FBDE11C5C064700DD6A4D /* Debug */,
				080FBDE21C5C064700DD6A4D /* Release */,
			);
			defaultConfigurationIsVisible = 0;
			defaultConfigurationName = Release;
		};
		080FBDE31C5C064700DD6A4D /* Build configuration list for PBXNativeTarget "InternationalizationDemo" */ = {
			isa = XCConfigurationList;
			buildConfigurations = (
				080FBDE41C5C064700DD6A4D /* Debug */,
				080FBDE51C5C064700DD6A4D /* Release */,
			);
			defaultConfigurationIsVisible = 0;
		};
/* End XCConfigurationList section */
	};
	rootObject = 080FBDC91C5C064700DD6A4D /* Project object */;
}
